
Microsoft Visual Studio Solution File, Format Version 12.00
# Visual Studio Version 16
VisualStudioVersion = 16.0.31515.178
MinimumVisualStudioVersion = 10.0.40219.1
Project("{9A19103F-16F7-4668-BE54-9A1E7A4F7556}") = "DoctorWho", "DoctorWho\DoctorWho.csproj", "{66F5BA70-8549-47CE-8292-7C572C15DECF}"
EndProject
Project("{9A19103F-16F7-4668-BE54-9A1E7A4F7556}") = "DoctorWho.Db", "DoctorWho.Db\DoctorWho.Db.csproj", "{0ED2E88A-A08B-4930-93C2-88E8B96253C2}"
EndProject
Project("{9A19103F-16F7-4668-BE54-9A1E7A4F7556}") = "DoctorWho.Db.Tests", "DoctorWho.Db.Tests\DoctorWho.Db.Tests.csproj", "{E2D46516-CFBB-4F8C-A09C-042F49F6C701}"
EndProject
Project("{9A19103F-16F7-4668-BE54-9A1E7A4F7556}") = "DoctorWho.Web", "DoctorWho.Web\DoctorWho.Web.csproj", "{FF8F691D-E3A6-4D73-8562-3637346F543D}"
EndProject
Project("{9A19103F-16F7-4668-BE54-9A1E7A4F7556}") = "DoctorWho.Web.Tests", "DoctorWho.Web.Tests\DoctorWho.Web.Tests.csproj", "{23327D4D-6B2B-408A-A0BE-6EC7BC584957}"
EndProject
Project("{2150E333-8FDC-42A3-9474-1A3956D46DE8}") = "Authentication", "Authentication", "{74EFB2D6-5619-4825-9CFC-076ECC25E0B8}"
EndProject
Project("{9A19103F-16F7-4668-BE54-9A1E7A4F7556}") = "DoctorWho.Authentication.Db", "DoctorWho.Authentication.Db\DoctorWho.Authentication.Db.csproj", "{C0DBB8A4-75A7-4611-909B-81FD9C2BDE9D}"
EndProject
Project("{9A19103F-16F7-4668-BE54-9A1E7A4F7556}") = "DoctorWho.Authentication.Infrastructure", "DoctorWho.Authentication.Infrastructure\DoctorWho.Authentication.Infrastructure.csproj", "{EC4283F7-BCBE-4EFB-8D5D-DBB2BCBBC602}"
EndProject
Project("{2150E333-8FDC-42A3-9474-1A3956D46DE8}") = "Tests", "Tests", "{933AC420-524F-4D40-A912-BA5CB93599A7}"
EndProject
Global
	GlobalSection(SolutionConfigurationPlatforms) = preSolution
		Debug|Any CPU = Debug|Any CPU
		Release|Any CPU = Release|Any CPU
	EndGlobalSection
	GlobalSection(ProjectConfigurationPlatforms) = postSolution
		{66F5BA70-8549-47CE-8292-7C572C15DECF}.Debug|Any CPU.ActiveCfg = Debug|Any CPU
		{66F5BA70-8549-47CE-8292-7C572C15DECF}.Debug|Any CPU.Build.0 = Debug|Any CPU
		{66F5BA70-8549-47CE-8292-7C572C15DECF}.Release|Any CPU.ActiveCfg = Release|Any CPU
		{66F5BA70-8549-47CE-8292-7C572C15DECF}.Release|Any CPU.Build.0 = Release|Any CPU
		{0ED2E88A-A08B-4930-93C2-88E8B96253C2}.Debug|Any CPU.ActiveCfg = Debug|Any CPU
		{0ED2E88A-A08B-4930-93C2-88E8B96253C2}.Debug|Any CPU.Build.0 = Debug|Any CPU
		{0ED2E88A-A08B-4930-93C2-88E8B96253C2}.Release|Any CPU.ActiveCfg = Release|Any CPU
		{0ED2E88A-A08B-4930-93C2-88E8B96253C2}.Release|Any CPU.Build.0 = Release|Any CPU
		{E2D46516-CFBB-4F8C-A09C-042F49F6C701}.Debug|Any CPU.ActiveCfg = Debug|Any CPU
		{E2D46516-CFBB-4F8C-A09C-042F49F6C701}.Debug|Any CPU.Build.0 = Debug|Any CPU
		{E2D46516-CFBB-4F8C-A09C-042F49F6C701}.Release|Any CPU.ActiveCfg = Release|Any CPU
		{E2D46516-CFBB-4F8C-A09C-042F49F6C701}.Release|Any CPU.Build.0 = Release|Any CPU
		{FF8F691D-E3A6-4D73-8562-3637346F543D}.Debug|Any CPU.ActiveCfg = Debug|Any CPU
		{FF8F691D-E3A6-4D73-8562-3637346F543D}.Debug|Any CPU.Build.0 = Debug|Any CPU
		{FF8F691D-E3A6-4D73-8562-3637346F543D}.Release|Any CPU.ActiveCfg = Release|Any CPU
		{FF8F691D-E3A6-4D73-8562-3637346F543D}.Release|Any CPU.Build.0 = Release|Any CPU
		{23327D4D-6B2B-408A-A0BE-6EC7BC584957}.Debug|Any CPU.ActiveCfg = Debug|Any CPU
		{23327D4D-6B2B-408A-A0BE-6EC7BC584957}.Debug|Any CPU.Build.0 = Debug|Any CPU
		{23327D4D-6B2B-408A-A0BE-6EC7BC584957}.Release|Any CPU.ActiveCfg = Release|Any CPU
		{23327D4D-6B2B-408A-A0BE-6EC7BC584957}.Release|Any CPU.Build.0 = Release|Any CPU
		{C0DBB8A4-75A7-4611-909B-81FD9C2BDE9D}.Debug|Any CPU.ActiveCfg = Debug|Any CPU
		{C0DBB8A4-75A7-4611-909B-81FD9C2BDE9D}.Debug|Any CPU.Build.0 = Debug|Any CPU
		{C0DBB8A4-75A7-4611-909B-81FD9C2BDE9D}.Release|Any CPU.ActiveCfg = Release|Any CPU
		{C0DBB8A4-75A7-4611-909B-81FD9C2BDE9D}.Release|Any CPU.Build.0 = Release|Any CPU
		{EC4283F7-BCBE-4EFB-8D5D-DBB2BCBBC602}.Debug|Any CPU.ActiveCfg = Debug|Any CPU
		{EC4283F7-BCBE-4EFB-8D5D-DBB2BCBBC602}.Debug|Any CPU.Build.0 = Debug|Any CPU
		{EC4283F7-BCBE-4EFB-8D5D-DBB2BCBBC602}.Release|Any CPU.ActiveCfg = Release|Any CPU
		{EC4283F7-BCBE-4EFB-8D5D-DBB2BCBBC602}.Release|Any CPU.Build.0 = Release|Any CPU
	EndGlobalSection
	GlobalSection(SolutionProperties) = preSolution
		HideSolutionNode = FALSE
	EndGlobalSection
	GlobalSection(NestedProjects) = preSolution
		{E2D46516-CFBB-4F8C-A09C-042F49F6C701} = {933AC420-524F-4D40-A912-BA5CB93599A7}
		{23327D4D-6B2B-408A-A0BE-6EC7BC584957} = {933AC420-524F-4D40-A912-BA5CB93599A7}
		{C0DBB8A4-75A7-4611-909B-81FD9C2BDE9D} = {74EFB2D6-5619-4825-9CFC-076ECC25E0B8}
		{EC4283F7-BCBE-4EFB-8D5D-DBB2BCBBC602} = {74EFB2D6-5619-4825-9CFC-076ECC25E0B8}
	EndGlobalSection
	GlobalSection(ExtensibilityGlobals) = postSolution
		SolutionGuid = {2E12A9ED-4B05-4C5A-9A12-27D422497283}
	EndGlobalSection
EndGlobal
